
Microsoft Visual Studio Solution File, Format Version 12.00
# Visual Studio Version 17
VisualStudioVersion = 17.8.34330.188
MinimumVisualStudioVersion = 10.0.40219.1
Project("{FAE04EC0-301F-11D3-BF4B-00C04F79EFBC}") = "m.Jobs.Server", "Server\m.Jobs.Server.csproj", "{7F3CC5AB-7850-48E9-8A6C-1577A4A6C621}"
EndProject
Project("{FAE04EC0-301F-11D3-BF4B-00C04F79EFBC}") = "m.Jobs.Client", "Client\m.Jobs.Client.csproj", "{82773962-A0C0-4613-A36A-485F0155563D}"
EndProject
Project("{FAE04EC0-301F-11D3-BF4B-00C04F79EFBC}") = "m.Jobs.Shared", "Shared\m.Jobs.Shared.csproj", "{2A31C0FC-94BB-4A62-A06B-160C60024056}"
EndProject
Global
	GlobalSection(SolutionConfigurationPlatforms) = preSolution
		Debug|Any CPU = Debug|Any CPU
		Release|Any CPU = Release|Any CPU
	EndGlobalSection
	GlobalSection(ProjectConfigurationPlatforms) = postSolution
		{7F3CC5AB-7850-48E9-8A6C-1577A4A6C621}.Debug|Any CPU.ActiveCfg = Debug|Any CPU
		{7F3CC5AB-7850-48E9-8A6C-1577A4A6C621}.Debug|Any CPU.Build.0 = Debug|Any CPU
		{7F3CC5AB-7850-48E9-8A6C-1577A4A6C621}.Release|Any CPU.ActiveCfg = Release|Any CPU
		{7F3CC5AB-7850-48E9-8A6C-1577A4A6C621}.Release|Any CPU.Build.0 = Release|Any CPU
		{82773962-A0C0-4613-A36A-485F0155563D}.Debug|Any CPU.ActiveCfg = Debug|Any CPU
		{82773962-A0C0-4613-A36A-485F0155563D}.Debug|Any CPU.Build.0 = Debug|Any CPU
		{82773962-A0C0-4613-A36A-485F0155563D}.Release|Any CPU.ActiveCfg = Release|Any CPU
		{82773962-A0C0-4613-A36A-485F0155563D}.Release|Any CPU.Build.0 = Release|Any CPU
		{2A31C0FC-94BB-4A62-A06B-160C60024056}.Debug|Any CPU.ActiveCfg = Debug|Any CPU
		{2A31C0FC-94BB-4A62-A06B-160C60024056}.Debug|Any CPU.Build.0 = Debug|Any CPU
		{2A31C0FC-94BB-4A62-A06B-160C60024056}.Release|Any CPU.ActiveCfg = Release|Any CPU
		{2A31C0FC-94BB-4A62-A06B-160C60024056}.Release|Any CPU.Build.0 = Release|Any CPU
	EndGlobalSection
	GlobalSection(SolutionProperties) = preSolution
		HideSolutionNode = FALSE
	EndGlobalSection
	GlobalSection(ExtensibilityGlobals) = postSolution
		SolutionGuid = {FD90375D-AACD-4303-AA2F-8EC805FAE005}
	EndGlobalSection
EndGlobal
